// !$*UTF8*$!
{
	archiveVersion = 1;
	classes = {
	};
	objectVersion = 46;
	objects = {

/* Begin PBXBuildFile section */
		327B8FD61AA77726000A85F1 /* NSColor+Shades.m in Sources */ = {isa = PBXBuildFile; fileRef = 327B8FD51AA77726000A85F1 /* NSColor+Shades.m */; };
		3298A7241485C33400871718 /* Cocoa.framework in Frameworks */ = {isa = PBXBuildFile; fileRef = 3298A7231485C33400871718 /* Cocoa.framework */; };
		3298A72E1485C33400871718 /* InfoPlist.strings in Resources */ = {isa = PBXBuildFile; fileRef = 3298A72C1485C33400871718 /* InfoPlist.strings */; };
		3298A7301485C33400871718 /* main.m in Sources */ = {isa = PBXBuildFile; fileRef = 3298A72F1485C33400871718 /* main.m */; };
		3298A7341485C33400871718 /* Credits.rtf in Resources */ = {isa = PBXBuildFile; fileRef = 3298A7321485C33400871718 /* Credits.rtf */; };
		3298A7371485C33400871718 /* MTAppDelegate.m in Sources */ = {isa = PBXBuildFile; fileRef = 3298A7361485C33400871718 /* MTAppDelegate.m */; };
		3298A73A1485C33400871718 /* MainMenu.xib in Resources */ = {isa = PBXBuildFile; fileRef = 3298A7381485C33400871718 /* MainMenu.xib */; };
		329F070A14C736870090ECBE /* _MTTokenCompletionTableView.m in Sources */ = {isa = PBXBuildFile; fileRef = 329F06FA14C736870090ECBE /* _MTTokenCompletionTableView.m */; };
		329F070B14C736870090ECBE /* _MTTokenCompletionWindow.m in Sources */ = {isa = PBXBuildFile; fileRef = 329F06FC14C736870090ECBE /* _MTTokenCompletionWindow.m */; };
		329F070C14C736870090ECBE /* _MTTokenCompletionWindowController.m in Sources */ = {isa = PBXBuildFile; fileRef = 329F06FE14C736870090ECBE /* _MTTokenCompletionWindowController.m */; };
		329F070D14C736870090ECBE /* _MTTokenTextAttachment.m in Sources */ = {isa = PBXBuildFile; fileRef = 329F070014C736870090ECBE /* _MTTokenTextAttachment.m */; };
		329F070E14C736870090ECBE /* _MTTokenTextView.m in Sources */ = {isa = PBXBuildFile; fileRef = 329F070214C736870090ECBE /* _MTTokenTextView.m */; };
		329F070F14C736870090ECBE /* MTTokenField+PrivateMethods.m in Sources */ = {isa = PBXBuildFile; fileRef = 329F070414C736870090ECBE /* MTTokenField+PrivateMethods.m */; };
		329F071014C736870090ECBE /* MTTokenField.m in Sources */ = {isa = PBXBuildFile; fileRef = 329F070614C736870090ECBE /* MTTokenField.m */; };
		329F071114C736870090ECBE /* MTTokenFieldCell.m in Sources */ = {isa = PBXBuildFile; fileRef = 329F070814C736870090ECBE /* MTTokenFieldCell.m */; };
		329F071B14C879D80090ECBE /* NSAttributedString+MTTokenField.m in Sources */ = {isa = PBXBuildFile; fileRef = 329F071A14C879D60090ECBE /* NSAttributedString+MTTokenField.m */; };
/* End PBXBuildFile section */

/* Begin PBXFileReference section */
		325BED991AB0F8CB009E1A07 /* KeyCodes.h */ = {isa = PBXFileReference; lastKnownFileType = sourcecode.c.h; path = KeyCodes.h; sourceTree = "<group>"; };
		327B8FD41AA77726000A85F1 /* NSColor+Shades.h */ = {isa = PBXFileReference; fileEncoding = 4; lastKnownFileType = sourcecode.c.h; path = "NSColor+Shades.h"; sourceTree = "<group>"; };
		327B8FD51AA77726000A85F1 /* NSColor+Shades.m */ = {isa = PBXFileReference; fileEncoding = 4; lastKnownFileType = sourcecode.c.objc; path = "NSColor+Shades.m"; sourceTree = "<group>"; };
		3298A71F1485C33400871718 /* TokenField.app */ = {isa = PBXFileReference; explicitFileType = wrapper.application; includeInIndex = 0; path = TokenField.app; sourceTree = BUILT_PRODUCTS_DIR; };
		3298A7231485C33400871718 /* Cocoa.framework */ = {isa = PBXFileReference; lastKnownFileType = wrapper.framework; name = Cocoa.framework; path = System/Library/Frameworks/Cocoa.framework; sourceTree = SDKROOT; };
		3298A7261485C33400871718 /* AppKit.framework */ = {isa = PBXFileReference; lastKnownFileType = wrapper.framework; name = AppKit.framework; path = System/Library/Frameworks/AppKit.framework; sourceTree = SDKROOT; };
		3298A7271485C33400871718 /* CoreData.framework */ = {isa = PBXFileReference; lastKnownFileType = wrapper.framework; name = CoreData.framework; path = System/Library/Frameworks/CoreData.framework; sourceTree = SDKROOT; };
		3298A7281485C33400871718 /* Foundation.framework */ = {isa = PBXFileReference; lastKnownFileType = wrapper.framework; name = Foundation.framework; path = System/Library/Frameworks/Foundation.framework; sourceTree = SDKROOT; };
		3298A72B1485C33400871718 /* TokenField-Info.plist */ = {isa = PBXFileReference; lastKnownFileType = text.plist.xml; path = "TokenField-Info.plist"; sourceTree = "<group>"; };
		3298A72D1485C33400871718 /* en */ = {isa = PBXFileReference; lastKnownFileType = text.plist.strings; name = en; path = en.lproj/InfoPlist.strings; sourceTree = "<group>"; };
		3298A72F1485C33400871718 /* main.m */ = {isa = PBXFileReference; lastKnownFileType = sourcecode.c.objc; path = main.m; sourceTree = "<group>"; };
		3298A7311485C33400871718 /* TokenField-Prefix.pch */ = {isa = PBXFileReference; lastKnownFileType = sourcecode.c.h; path = "TokenField-Prefix.pch"; sourceTree = "<group>"; };
		3298A7331485C33400871718 /* en */ = {isa = PBXFileReference; lastKnownFileType = text.rtf; name = en; path = en.lproj/Credits.rtf; sourceTree = "<group>"; };
		3298A7351485C33400871718 /* MTAppDelegate.h */ = {isa = PBXFileReference; lastKnownFileType = sourcecode.c.h; path = MTAppDelegate.h; sourceTree = "<group>"; };
		3298A7361485C33400871718 /* MTAppDelegate.m */ = {isa = PBXFileReference; lastKnownFileType = sourcecode.c.objc; path = MTAppDelegate.m; sourceTree = "<group>"; };
		3298A7391485C33400871718 /* en */ = {isa = PBXFileReference; lastKnownFileType = file.xib; name = en; path = en.lproj/MainMenu.xib; sourceTree = "<group>"; };
		329F06F914C736870090ECBE /* _MTTokenCompletionTableView.h */ = {isa = PBXFileReference; fileEncoding = 4; lastKnownFileType = sourcecode.c.h; path = _MTTokenCompletionTableView.h; sourceTree = "<group>"; };
		329F06FA14C736870090ECBE /* _MTTokenCompletionTableView.m */ = {isa = PBXFileReference; fileEncoding = 4; lastKnownFileType = sourcecode.c.objc; path = _MTTokenCompletionTableView.m; sourceTree = "<group>"; };
		329F06FB14C736870090ECBE /* _MTTokenCompletionWindow.h */ = {isa = PBXFileReference; fileEncoding = 4; lastKnownFileType = sourcecode.c.h; path = _MTTokenCompletionWindow.h; sourceTree = "<group>"; };
		329F06FC14C736870090ECBE /* _MTTokenCompletionWindow.m */ = {isa = PBXFileReference; fileEncoding = 4; lastKnownFileType = sourcecode.c.objc; path = _MTTokenCompletionWindow.m; sourceTree = "<group>"; };
		329F06FD14C736870090ECBE /* _MTTokenCompletionWindowController.h */ = {isa = PBXFileReference; fileEncoding = 4; lastKnownFileType = sourcecode.c.h; path = _MTTokenCompletionWindowController.h; sourceTree = "<group>"; };
		329F06FE14C736870090ECBE /* _MTTokenCompletionWindowController.m */ = {isa = PBXFileReference; fileEncoding = 4; lastKnownFileType = sourcecode.c.objc; path = _MTTokenCompletionWindowController.m; sourceTree = "<group>"; };
		329F06FF14C736870090ECBE /* _MTTokenTextAttachment.h */ = {isa = PBXFileReference; fileEncoding = 4; lastKnownFileType = sourcecode.c.h; path = _MTTokenTextAttachment.h; sourceTree = "<group>"; };
		329F070014C736870090ECBE /* _MTTokenTextAttachment.m */ = {isa = PBXFileReference; fileEncoding = 4; lastKnownFileType = sourcecode.c.objc; path = _MTTokenTextAttachment.m; sourceTree = "<group>"; };
		329F070114C736870090ECBE /* _MTTokenTextView.h */ = {isa = PBXFileReference; fileEncoding = 4; lastKnownFileType = sourcecode.c.h; path = _MTTokenTextView.h; sourceTree = "<group>"; };
		329F070214C736870090ECBE /* _MTTokenTextView.m */ = {isa = PBXFileReference; fileEncoding = 4; lastKnownFileType = sourcecode.c.objc; path = _MTTokenTextView.m; sourceTree = "<group>"; };
		329F070314C736870090ECBE /* MTTokenField+PrivateMethods.h */ = {isa = PBXFileReference; fileEncoding = 4; lastKnownFileType = sourcecode.c.h; path = "MTTokenField+PrivateMethods.h"; sourceTree = "<group>"; };
		329F070414C736870090ECBE /* MTTokenField+PrivateMethods.m */ = {isa = PBXFileReference; fileEncoding = 4; lastKnownFileType = sourcecode.c.objc; path = "MTTokenField+PrivateMethods.m"; sourceTree = "<group>"; };
		329F070514C736870090ECBE /* MTTokenField.h */ = {isa = PBXFileReference; fileEncoding = 4; lastKnownFileType = sourcecode.c.h; path = MTTokenField.h; sourceTree = "<group>"; };
		329F070614C736870090ECBE /* MTTokenField.m */ = {isa = PBXFileReference; fileEncoding = 4; lastKnownFileType = sourcecode.c.objc; path = MTTokenField.m; sourceTree = "<group>"; };
		329F070714C736870090ECBE /* MTTokenFieldCell.h */ = {isa = PBXFileReference; fileEncoding = 4; lastKnownFileType = sourcecode.c.h; path = MTTokenFieldCell.h; sourceTree = "<group>"; };
		329F070814C736870090ECBE /* MTTokenFieldCell.m */ = {isa = PBXFileReference; fileEncoding = 4; lastKnownFileType = sourcecode.c.objc; path = MTTokenFieldCell.m; sourceTree = "<group>"; };
		329F070914C736870090ECBE /* MTTokenFieldDelegate.h */ = {isa = PBXFileReference; fileEncoding = 4; lastKnownFileType = sourcecode.c.h; path = MTTokenFieldDelegate.h; sourceTree = "<group>"; };
		329F071914C879D50090ECBE /* NSAttributedString+MTTokenField.h */ = {isa = PBXFileReference; fileEncoding = 4; lastKnownFileType = sourcecode.c.h; path = "NSAttributedString+MTTokenField.h"; sourceTree = "<group>"; };
		329F071A14C879D60090ECBE /* NSAttributedString+MTTokenField.m */ = {isa = PBXFileReference; fileEncoding = 4; lastKnownFileType = sourcecode.c.objc; path = "NSAttributedString+MTTokenField.m"; sourceTree = "<group>"; };
		32F53F2A1ADEEB6200A8FF08 /* SampleMTTokenField.png */ = {isa = PBXFileReference; lastKnownFileType = image.png; path = SampleMTTokenField.png; sourceTree = "<group>"; };
/* End PBXFileReference section */

/* Begin PBXFrameworksBuildPhase section */
		3298A71C1485C33400871718 /* Frameworks */ = {
			isa = PBXFrameworksBuildPhase;
			buildActionMask = 2147483647;
			files = (
				3298A7241485C33400871718 /* Cocoa.framework in Frameworks */,
			);
			runOnlyForDeploymentPostprocessing = 0;
		};
/* End PBXFrameworksBuildPhase section */

/* Begin PBXGroup section */
		3298A7141485C33300871718 = {
			isa = PBXGroup;
			children = (
				3298A7291485C33400871718 /* TokenField */,
				3298A7221485C33400871718 /* Frameworks */,
				3298A7201485C33400871718 /* Products */,
			);
			sourceTree = "<group>";
		};
		3298A7201485C33400871718 /* Products */ = {
			isa = PBXGroup;
			children = (
				3298A71F1485C33400871718 /* TokenField.app */,
			);
			name = Products;
			sourceTree = "<group>";
		};
		3298A7221485C33400871718 /* Frameworks */ = {
			isa = PBXGroup;
			children = (
				3298A7231485C33400871718 /* Cocoa.framework */,
				3298A7251485C33400871718 /* Other Frameworks */,
			);
			name = Frameworks;
			sourceTree = "<group>";
		};
		3298A7251485C33400871718 /* Other Frameworks */ = {
			isa = PBXGroup;
			children = (
				3298A7261485C33400871718 /* AppKit.framework */,
				3298A7271485C33400871718 /* CoreData.framework */,
				3298A7281485C33400871718 /* Foundation.framework */,
			);
			name = "Other Frameworks";
			sourceTree = "<group>";
		};
		3298A7291485C33400871718 /* TokenField */ = {
			isa = PBXGroup;
			children = (
				32F53F2A1ADEEB6200A8FF08 /* SampleMTTokenField.png */,
				329F06F814C736870090ECBE /* MTTokenField */,
				3298A7351485C33400871718 /* MTAppDelegate.h */,
				3298A7381485C33400871718 /* MainMenu.xib */,
				3298A7361485C33400871718 /* MTAppDelegate.m */,
				3298A72A1485C33400871718 /* Supporting Files */,
			);
			path = TokenField;
			sourceTree = "<group>";
		};
		3298A72A1485C33400871718 /* Supporting Files */ = {
			isa = PBXGroup;
			children = (
				3298A72B1485C33400871718 /* TokenField-Info.plist */,
				3298A72C1485C33400871718 /* InfoPlist.strings */,
				3298A72F1485C33400871718 /* main.m */,
				3298A7311485C33400871718 /* TokenField-Prefix.pch */,
				3298A7321485C33400871718 /* Credits.rtf */,
			);
			name = "Supporting Files";
			sourceTree = "<group>";
		};
		329F06F814C736870090ECBE /* MTTokenField */ = {
			isa = PBXGroup;
			children = (
				325BED991AB0F8CB009E1A07 /* KeyCodes.h */,
				329F06F914C736870090ECBE /* _MTTokenCompletionTableView.h */,
				329F06FA14C736870090ECBE /* _MTTokenCompletionTableView.m */,
				329F06FB14C736870090ECBE /* _MTTokenCompletionWindow.h */,
				329F06FC14C736870090ECBE /* _MTTokenCompletionWindow.m */,
				329F06FD14C736870090ECBE /* _MTTokenCompletionWindowController.h */,
				329F06FE14C736870090ECBE /* _MTTokenCompletionWindowController.m */,
				329F06FF14C736870090ECBE /* _MTTokenTextAttachment.h */,
				329F070014C736870090ECBE /* _MTTokenTextAttachment.m */,
				329F070114C736870090ECBE /* _MTTokenTextView.h */,
				329F070214C736870090ECBE /* _MTTokenTextView.m */,
				329F070314C736870090ECBE /* MTTokenField+PrivateMethods.h */,
				329F070414C736870090ECBE /* MTTokenField+PrivateMethods.m */,
				329F070514C736870090ECBE /* MTTokenField.h */,
				329F070614C736870090ECBE /* MTTokenField.m */,
				329F070714C736870090ECBE /* MTTokenFieldCell.h */,
				329F070814C736870090ECBE /* MTTokenFieldCell.m */,
				329F070914C736870090ECBE /* MTTokenFieldDelegate.h */,
				329F071914C879D50090ECBE /* NSAttributedString+MTTokenField.h */,
				329F071A14C879D60090ECBE /* NSAttributedString+MTTokenField.m */,
				327B8FD41AA77726000A85F1 /* NSColor+Shades.h */,
				327B8FD51AA77726000A85F1 /* NSColor+Shades.m */,
			);
			path = MTTokenField;
			sourceTree = "<group>";
		};
/* End PBXGroup section */

/* Begin PBXNativeTarget section */
		3298A71E1485C33400871718 /* TokenField */ = {
			isa = PBXNativeTarget;
			buildConfigurationList = 3298A73D1485C33400871718 /* Build configuration list for PBXNativeTarget "TokenField" */;
			buildPhases = (
				3298A71B1485C33400871718 /* Sources */,
				3298A71C1485C33400871718 /* Frameworks */,
				3298A71D1485C33400871718 /* Resources */,
			);
			buildRules = (
			);
			dependencies = (
			);
			name = TokenField;
			productName = TokenField;
			productReference = 3298A71F1485C33400871718 /* TokenField.app */;
			productType = "com.apple.product-type.application";
		};
/* End PBXNativeTarget section */

/* Begin PBXProject section */
		3298A7161485C33300871718 /* Project object */ = {
			isa = PBXProject;
			attributes = {
				LastUpgradeCheck = 0610;
			};
			buildConfigurationList = 3298A7191485C33300871718 /* Build configuration list for PBXProject "TokenField" */;
			compatibilityVersion = "Xcode 3.2";
			developmentRegion = English;
			hasScannedForEncodings = 0;
			knownRegions = (
				en,
			);
			mainGroup = 3298A7141485C33300871718;
			productRefGroup = 3298A7201485C33400871718 /* Products */;
			projectDirPath = "";
			projectRoot = "";
			targets = (
				3298A71E1485C33400871718 /* TokenField */,
			);
		};
/* End PBXProject section */

/* Begin PBXResourcesBuildPhase section */
		3298A71D1485C33400871718 /* Resources */ = {
			isa = PBXResourcesBuildPhase;
			buildActionMask = 2147483647;
			files = (
				3298A72E1485C33400871718 /* InfoPlist.strings in Resources */,
				3298A7341485C33400871718 /* Credits.rtf in Resources */,
				3298A73A1485C33400871718 /* MainMenu.xib in Resources */,
			);
			runOnlyForDeploymentPostprocessing = 0;
		};
/* End PBXResourcesBuildPhase section */

/* Begin PBXSourcesBuildPhase section */
		3298A71B1485C33400871718 /* Sources */ = {
			isa = PBXSourcesBuildPhase;
			buildActionMask = 2147483647;
			files = (
				3298A7301485C33400871718 /* main.m in Sources */,
				3298A7371485C33400871718 /* MTAppDelegate.m in Sources */,
				329F070A14C736870090ECBE /* _MTTokenCompletionTableView.m in Sources */,
				329F070B14C736870090ECBE /* _MTTokenCompletionWindow.m in Sources */,
				329F070C14C736870090ECBE /* _MTTokenCompletionWindowController.m in Sources */,
				329F070D14C736870090ECBE /* _MTTokenTextAttachment.m in Sources */,
				327B8FD61AA77726000A85F1 /* NSColor+Shades.m in Sources */,
				329F070E14C736870090ECBE /* _MTTokenTextView.m in Sources */,
				329F070F14C736870090ECBE /* MTTokenField+PrivateMethods.m in Sources */,
				329F071014C736870090ECBE /* MTTokenField.m in Sources */,
				329F071114C736870090ECBE /* MTTokenFieldCell.m in Sources */,
				329F071B14C879D80090ECBE /* NSAttributedString+MTTokenField.m in Sources */,
			);
			runOnlyForDeploymentPostprocessing = 0;
		};
/* End PBXSourcesBuildPhase section */

/* Begin PBXVariantGroup section */
		3298A72C1485C33400871718 /* InfoPlist.strings */ = {
			isa = PBXVariantGroup;
			children = (
				3298A72D1485C33400871718 /* en */,
			);
			name = InfoPlist.strings;
			sourceTree = "<group>";
		};
		3298A7321485C33400871718 /* Credits.rtf */ = {
			isa = PBXVariantGroup;
			children = (
				3298A7331485C33400871718 /* en */,
			);
			name = Credits.rtf;
			sourceTree = "<group>";
		};
		3298A7381485C33400871718 /* MainMenu.xib */ = {
			isa = PBXVariantGroup;
			children = (
				3298A7391485C33400871718 /* en */,
			);
			name = MainMenu.xib;
			sourceTree = "<group>";
		};
/* End PBXVariantGroup section */

/* Begin XCBuildConfiguration section */
		3298A73B1485C33400871718 /* Debug */ = {
			isa = XCBuildConfiguration;
			buildSettings = {
				ALWAYS_SEARCH_USER_PATHS = NO;
				CLANG_WARN_BOOL_CONVERSION = YES;
				CLANG_WARN_CONSTANT_CONVERSION = YES;
				CLANG_WARN_EMPTY_BODY = YES;
				CLANG_WARN_ENUM_CONVERSION = YES;
				CLANG_WARN_INT_CONVERSION = YES;
				CLANG_WARN_UNREACHABLE_CODE = YES;
				CLANG_WARN__DUPLICATE_METHOD_MATCH = YES;
				COPY_PHASE_STRIP = NO;
				ENABLE_STRICT_OBJC_MSGSEND = YES;
				GCC_C_LANGUAGE_STANDARD = gnu99;
				GCC_DYNAMIC_NO_PIC = NO;
				GCC_ENABLE_OBJC_EXCEPTIONS = YES;
				GCC_OPTIMIZATION_LEVEL = 0;
				GCC_PREPROCESSOR_DEFINITIONS = (
					"DEBUG=1",
					"$(inherited)",
				);
				GCC_SYMBOLS_PRIVATE_EXTERN = NO;
				GCC_VERSION = com.apple.compilers.llvm.clang.1_0;
				GCC_WARN_64_TO_32_BIT_CONVERSION = YES;
				GCC_WARN_ABOUT_MISSING_PROTOTYPES = YES;
				GCC_WARN_ABOUT_RETURN_TYPE = YES;
				GCC_WARN_UNDECLARED_SELECTOR = YES;
				GCC_WARN_UNINITIALIZED_AUTOS = YES;
				GCC_WARN_UNUSED_FUNCTION = YES;
				GCC_WARN_UNUSED_VARIABLE = YES;
				MACOSX_DEPLOYMENT_TARGET = 10.8;
				ONLY_ACTIVE_ARCH = YES;
				SDKROOT = macosx;
			};
			name = Debug;
		};
		3298A73C1485C33400871718 /* Release */ = {
			isa = XCBuildConfiguration;
			buildSettings = {
				ALWAYS_SEARCH_USER_PATHS = NO;
				CLANG_WARN_BOOL_CONVERSION = YES;
				CLANG_WARN_CONSTANT_CONVERSION = YES;
				CLANG_WARN_EMPTY_BODY = YES;
				CLANG_WARN_ENUM_CONVERSION = YES;
				CLANG_WARN_INT_CONVERSION = YES;
				CLANG_WARN_UNREACHABLE_CODE = YES;
				CLANG_WARN__DUPLICATE_METHOD_MATCH = YES;
				COPY_PHASE_STRIP = YES;
				DEBUG_INFORMATION_FORMAT = "dwarf-with-dsym";
				ENABLE_STRICT_OBJC_MSGSEND = YES;
				GCC_C_LANGUAGE_STANDARD = gnu99;
				GCC_ENABLE_OBJC_EXCEPTIONS = YES;
				GCC_VERSION = com.apple.compilers.llvm.clang.1_0;
				GCC_WARN_64_TO_32_BIT_CONVERSION = YES;
				GCC_WARN_ABOUT_MISSING_PROTOTYPES = YES;
				GCC_WARN_ABOUT_RETURN_TYPE = YES;
				GCC_WARN_UNDECLARED_SELECTOR = YES;
				GCC_WARN_UNINITIALIZED_AUTOS = YES;
				GCC_WARN_UNUSED_FUNCTION = YES;
				GCC_WARN_UNUSED_VARIABLE = YES;
				MACOSX_DEPLOYMENT_TARGET = 10.8;
				SDKROOT = macosx;
			};
			name = Release;
		};
		3298A73E1485C33400871718 /* Debug */ = {
			isa = XCBuildConfiguration;
			buildSettings = {
				COMBINE_HIDPI_IMAGES = YES;
				GCC_PRECOMPILE_PREFIX_HEADER = YES;
				GCC_PREFIX_HEADER = "TokenField/TokenField-Prefix.pch";
				INFOPLIST_FILE = "TokenField/TokenField-Info.plist";
				PRODUCT_NAME = "$(TARGET_NAME)";
				WRAPPER_EXTENSION = app;
			};
			name = Debug;
		};
		3298A73F1485C33400871718 /* Release */ = {
			isa = XCBuildConfiguration;
			buildSettings = {
				COMBINE_HIDPI_IMAGES = YES;
				GCC_PRECOMPILE_PREFIX_HEADER = YES;
				GCC_PREFIX_HEADER = "TokenField/TokenField-Prefix.pch";
				INFOPLIST_FILE = "TokenField/TokenField-Info.plist";
				PRODUCT_NAME = "$(TARGET_NAME)";
				WRAPPER_EXTENSION = app;
			};
			name = Release;
		};
/* End XCBuildConfiguration section */

/* Begin XCConfigurationList section */
		3298A7191485C33300871718 /* Build configuration list for PBXProject "TokenField" */ = {
			isa = XCConfigurationList;
			buildConfigurations = (
				3298A73B1485C33400871718 /* Debug */,
				3298A73C1485C33400871718 /* Release */,
			);
			defaultConfigurationIsVisible = 0;
			defaultConfigurationName = Release;
		};
		3298A73D1485C33400871718 /* Build configuration list for PBXNativeTarget "TokenField" */ = {
			isa = XCConfigurationList;
			buildConfigurations = (
				3298A73E1485C33400871718 /* Debug */,
				3298A73F1485C33400871718 /* Release */,
			);
			defaultConfigurationIsVisible = 0;
			defaultConfigurationName = Release;
		};
/* End XCConfigurationList section */
	};
	rootObject = 3298A7161485C33300871718 /* Project object */;
}
